
Microsoft Visual Studio Solution File, Format Version 12.00
Project("{FAE04EC0-301F-11D3-BF4B-00C04F79EFBC}") = "ComwellApp", "ComwellApp\ComwellApp.csproj", "{B10723CC-0553-4492-9E78-79925F1BD198}"
EndProject
Project("{FAE04EC0-301F-11D3-BF4B-00C04F79EFBC}") = "Shared", "Shared\Shared.csproj", "{29E3502C-FCAE-4122-B6F4-770DA2B4B636}"
EndProject
Global
	GlobalSection(SolutionConfigurationPlatforms) = preSolution
		Debug|Any CPU = Debug|Any CPU
		Release|Any CPU = Release|Any CPU
	EndGlobalSection
	GlobalSection(ProjectConfigurationPlatforms) = postSolution
		{B10723CC-0553-4492-9E78-79925F1BD198}.Debug|Any CPU.ActiveCfg = Debug|Any CPU
		{B10723CC-0553-4492-9E78-79925F1BD198}.Debug|Any CPU.Build.0 = Debug|Any CPU
		{B10723CC-0553-4492-9E78-79925F1BD198}.Release|Any CPU.ActiveCfg = Release|Any CPU
		{B10723CC-0553-4492-9E78-79925F1BD198}.Release|Any CPU.Build.0 = Release|Any CPU
		{29E3502C-FCAE-4122-B6F4-770DA2B4B636}.Debug|Any CPU.ActiveCfg = Debug|Any CPU
		{29E3502C-FCAE-4122-B6F4-770DA2B4B636}.Debug|Any CPU.Build.0 = Debug|Any CPU
		{29E3502C-FCAE-4122-B6F4-770DA2B4B636}.Release|Any CPU.ActiveCfg = Release|Any CPU
		{29E3502C-FCAE-4122-B6F4-770DA2B4B636}.Release|Any CPU.Build.0 = Release|Any CPU
	EndGlobalSection
EndGlobal
